
Microsoft Visual Studio Solution File, Format Version 12.00
# Visual Studio Version 16
VisualStudioVersion = 16.0.31019.35
MinimumVisualStudioVersion = 10.0.40219.1
Project("{9A19103F-16F7-4668-BE54-9A1E7A4F7556}") = "ApotekHjartat.Order.Api", "ApotekHjartat.Order.Api\ApotekHjartat.Order.Api.csproj", "{1A1A8785-852A-4AAD-8C67-D1E42133458B}"
EndProject
Project("{FAE04EC0-301F-11D3-BF4B-00C04F79EFBC}") = "ApotekHjartat.Order.DbAccess", "ApotekHjartat.Order.DbAccess\ApotekHjartat.Order.DbAccess.csproj", "{B0AA1AC5-AF8E-42FC-873D-3186C7D14D79}"
EndProject
Project("{FAE04EC0-301F-11D3-BF4B-00C04F79EFBC}") = "ApotekHjartat.Order.Common", "ApotekHjartat.Order.Common\ApotekHjartat.Order.Common.csproj", "{6DE49B06-7DAA-4003-B16E-9017D162FDA8}"
EndProject
Global
	GlobalSection(SolutionConfigurationPlatforms) = preSolution
		Debug|Any CPU = Debug|Any CPU
		Release|Any CPU = Release|Any CPU
	EndGlobalSection
	GlobalSection(ProjectConfigurationPlatforms) = postSolution
		{1A1A8785-852A-4AAD-8C67-D1E42133458B}.Debug|Any CPU.ActiveCfg = Debug|Any CPU
		{1A1A8785-852A-4AAD-8C67-D1E42133458B}.Debug|Any CPU.Build.0 = Debug|Any CPU
		{1A1A8785-852A-4AAD-8C67-D1E42133458B}.Release|Any CPU.ActiveCfg = Release|Any CPU
		{1A1A8785-852A-4AAD-8C67-D1E42133458B}.Release|Any CPU.Build.0 = Release|Any CPU
		{B0AA1AC5-AF8E-42FC-873D-3186C7D14D79}.Debug|Any CPU.ActiveCfg = Debug|Any CPU
		{B0AA1AC5-AF8E-42FC-873D-3186C7D14D79}.Debug|Any CPU.Build.0 = Debug|Any CPU
		{B0AA1AC5-AF8E-42FC-873D-3186C7D14D79}.Release|Any CPU.ActiveCfg = Release|Any CPU
		{B0AA1AC5-AF8E-42FC-873D-3186C7D14D79}.Release|Any CPU.Build.0 = Release|Any CPU
		{6DE49B06-7DAA-4003-B16E-9017D162FDA8}.Debug|Any CPU.ActiveCfg = Debug|Any CPU
		{6DE49B06-7DAA-4003-B16E-9017D162FDA8}.Debug|Any CPU.Build.0 = Debug|Any CPU
		{6DE49B06-7DAA-4003-B16E-9017D162FDA8}.Release|Any CPU.ActiveCfg = Release|Any CPU
		{6DE49B06-7DAA-4003-B16E-9017D162FDA8}.Release|Any CPU.Build.0 = Release|Any CPU
	EndGlobalSection
	GlobalSection(SolutionProperties) = preSolution
		HideSolutionNode = FALSE
	EndGlobalSection
	GlobalSection(ExtensibilityGlobals) = postSolution
		SolutionGuid = {145F92F8-7F51-4D3F-84DE-FACB08D081D7}
	EndGlobalSection
EndGlobal
